<Solution>
  <Project Path="Ventas.Api/Ventas.Api.csproj" />
  <Project Path="Ventas.Application/Ventas.Application.csproj" Id="f7ffc713-87ae-49cd-9274-9529f4ed9bb3" />
  <Project Path="Ventas.Domain/Ventas.Domain.csproj" Id="97a648d0-05d5-4da6-8650-ae2c34974584" />
  <Project Path="Ventas.Infrastructure/Ventas.Infrastructure.csproj" Id="45e0666c-33dd-4f2a-b29d-b7a82ecd4ad1" />
</Solution>
